
Microsoft Visual Studio Solution File, Format Version 12.00
# Visual Studio Version 17
VisualStudioVersion = 17.3.32901.215
MinimumVisualStudioVersion = 10.0.40219.1
Project("{FAE04EC0-301F-11D3-BF4B-00C04F79EFBC}") = "Kosmos.API", "Kosmos.API\Kosmos.API.csproj", "{153C34DB-337B-4467-9F6D-70CBF77260A0}"
EndProject
Project("{E53339B2-1760-4266-BCC7-CA923CBCF16C}") = "docker-compose", "docker-compose.dcproj", "{487406CA-5B58-440E-93F3-08061D620703}"
EndProject
Global
	GlobalSection(SolutionConfigurationPlatforms) = preSolution
		Debug|Any CPU = Debug|Any CPU
		Release|Any CPU = Release|Any CPU
	EndGlobalSection
	GlobalSection(ProjectConfigurationPlatforms) = postSolution
		{153C34DB-337B-4467-9F6D-70CBF77260A0}.Debug|Any CPU.ActiveCfg = Debug|Any CPU
		{153C34DB-337B-4467-9F6D-70CBF77260A0}.Debug|Any CPU.Build.0 = Debug|Any CPU
		{153C34DB-337B-4467-9F6D-70CBF77260A0}.Release|Any CPU.ActiveCfg = Release|Any CPU
		{153C34DB-337B-4467-9F6D-70CBF77260A0}.Release|Any CPU.Build.0 = Release|Any CPU
		{487406CA-5B58-440E-93F3-08061D620703}.Debug|Any CPU.ActiveCfg = Debug|Any CPU
		{487406CA-5B58-440E-93F3-08061D620703}.Debug|Any CPU.Build.0 = Debug|Any CPU
		{487406CA-5B58-440E-93F3-08061D620703}.Release|Any CPU.ActiveCfg = Release|Any CPU
		{487406CA-5B58-440E-93F3-08061D620703}.Release|Any CPU.Build.0 = Release|Any CPU
	EndGlobalSection
	GlobalSection(SolutionProperties) = preSolution
		HideSolutionNode = FALSE
	EndGlobalSection
	GlobalSection(ExtensibilityGlobals) = postSolution
		SolutionGuid = {28A29846-4B4F-4A61-AE8D-2562663AB042}
	EndGlobalSection
EndGlobal
